// !$*UTF8*$!
{
	archiveVersion = 1;
	classes = {
	};
	objectVersion = 46;
	objects = {

/* Begin PBXBuildFile section */
		A34F9C2F1EF904C1006C91FD /* main.m in Sources */ = {isa = PBXBuildFile; fileRef = A34F9C2E1EF904C1006C91FD /* main.m */; };
		A34F9C321EF904C1006C91FD /* AppDelegate.m in Sources */ = {isa = PBXBuildFile; fileRef = A34F9C311EF904C1006C91FD /* AppDelegate.m */; };
		A34F9C351EF904C1006C91FD /* ViewController.m in Sources */ = {isa = PBXBuildFile; fileRef = A34F9C341EF904C1006C91FD /* ViewController.m */; };
		A34F9C381EF904C1006C91FD /* Main.storyboard in Resources */ = {isa = PBXBuildFile; fileRef = A34F9C361EF904C1006C91FD /* Main.storyboard */; };
		A34F9C3A1EF904C1006C91FD /* Assets.xcassets in Resources */ = {isa = PBXBuildFile; fileRef = A34F9C391EF904C1006C91FD /* Assets.xcassets */; };
		A34F9C3D1EF904C1006C91FD /* LaunchScreen.storyboard in Resources */ = {isa = PBXBuildFile; fileRef = A34F9C3B1EF904C1006C91FD /* LaunchScreen.storyboard */; };
/* End PBXBuildFile section */

/* Begin PBXFileReference section */
		A34F9C2A1EF904C1006C91FD /* test.app */ = {isa = PBXFileReference; explicitFileType = wrapper.application; includeInIndex = 0; path = test.app; sourceTree = BUILT_PRODUCTS_DIR; };
		A34F9C2E1EF904C1006C91FD /* main.m */ = {isa = PBXFileReference; lastKnownFileType = sourcecode.c.objc; path = main.m; sourceTree = "<group>"; };
		A34F9C301EF904C1006C91FD /* AppDelegate.h */ = {isa = PBXFileReference; lastKnownFileType = sourcecode.c.h; path = AppDelegate.h; sourceTree = "<group>"; };
		A34F9C311EF904C1006C91FD /* AppDelegate.m */ = {isa = PBXFileReference; lastKnownFileType = sourcecode.c.objc; path = AppDelegate.m; sourceTree = "<group>"; };
		A34F9C331EF904C1006C91FD /* ViewController.h */ = {isa = PBXFileReference; lastKnownFileType = sourcecode.c.h; path = ViewController.h; sourceTree = "<group>"; };
		A34F9C341EF904C1006C91FD /* ViewController.m */ = {isa = PBXFileReference; lastKnownFileType = sourcecode.c.objc; path = ViewController.m; sourceTree = "<group>"; };
		A34F9C371EF904C1006C91FD /* Base */ = {isa = PBXFileReference; lastKnownFileType = file.storyboard; name = Base; path = Base.lproj/Main.storyboard; sourceTree = "<group>"; };
		A34F9C391EF904C1006C91FD /* Assets.xcassets */ = {isa = PBXFileReference; lastKnownFileType = folder.assetcatalog; path = Assets.xcassets; sourceTree = "<group>"; };
		A34F9C3C1EF904C1006C91FD /* Base */ = {isa = PBXFileReference; lastKnownFileType = file.storyboard; name = Base; path = Base.lproj/LaunchScreen.storyboard; sourceTree = "<group>"; };
		A34F9C3E1EF904C1006C91FD /* Info.plist */ = {isa = PBXFileReference; lastKnownFileType = text.plist.xml; path = Info.plist; sourceTree = "<group>"; };
/* End PBXFileReference section */

/* Begin PBXFrameworksBuildPhase section */
		A34F9C271EF904C1006C91FD /* Frameworks */ = {
			isa = PBXFrameworksBuildPhase;
			buildActionMask = 2147483647;
			files = (
			);
			runOnlyForDeploymentPostprocessing = 0;
		};
/* End PBXFrameworksBuildPhase section */

/* Begin PBXGroup section */
		A34F9C211EF904C1006C91FD = {
			isa = PBXGroup;
			children = (
				A34F9C2C1EF904C1006C91FD /* test */,
				A34F9C2B1EF904C1006C91FD /* Products */,
			);
			sourceTree = "<group>";
		};
		A34F9C2B1EF904C1006C91FD /* Products */ = {
			isa = PBXGroup;
			children = (
				A34F9C2A1EF904C1006C91FD /* test.app */,
			);
			name = Products;
			sourceTree = "<group>";
		};
		A34F9C2C1EF904C1006C91FD /* test */ = {
			isa = PBXGroup;
			children = (
				A34F9C301EF904C1006C91FD /* AppDelegate.h */,
				A34F9C311EF904C1006C91FD /* AppDelegate.m */,
				A34F9C331EF904C1006C91FD /* ViewController.h */,
				A34F9C341EF904C1006C91FD /* ViewController.m */,
				A34F9C361EF904C1006C91FD /* Main.storyboard */,
				A34F9C391EF904C1006C91FD /* Assets.xcassets */,
				A34F9C3B1EF904C1006C91FD /* LaunchScreen.storyboard */,
				A34F9C3E1EF904C1006C91FD /* Info.plist */,
				A34F9C2D1EF904C1006C91FD /* Supporting Files */,
			);
			path = test;
			sourceTree = "<group>";
		};
		A34F9C2D1EF904C1006C91FD /* Supporting Files */ = {
			isa = PBXGroup;
			children = (
				A34F9C2E1EF904C1006C91FD /* main.m */,
			);
			name = "Supporting Files";
			sourceTree = "<group>";
		};
/* End PBXGroup section */

/* Begin PBXNativeTarget section */
		A34F9C291EF904C1006C91FD /* test */ = {
			isa = PBXNativeTarget;
			buildConfigurationList = A34F9C411EF904C1006C91FD /* Build configuration list for PBXNativeTarget "test" */;
			buildPhases = (
				A34F9C261EF904C1006C91FD /* Sources */,
				A34F9C271EF904C1006C91FD /* Frameworks */,
				A34F9C281EF904C1006C91FD /* Resources */,
			);
			buildRules = (
			);
			dependencies = (
			);
			name = test;
			productName = test;
			productReference = A34F9C2A1EF904C1006C91FD /* test.app */;
			productType = "com.apple.product-type.application";
		};
/* End PBXNativeTarget section */

/* Begin PBXProject section */
		A34F9C221EF904C1006C91FD /* Project object */ = {
			isa = PBXProject;
			attributes = {
				LastUpgradeCheck = 0830;
				ORGANIZATIONNAME = "vansocnguyen99@gmail.com";
				TargetAttributes = {
					A34F9C291EF904C1006C91FD = {
						CreatedOnToolsVersion = 8.3.3;
						ProvisioningStyle = Automatic;
					};
				};
			};
			buildConfigurationList = A34F9C251EF904C1006C91FD /* Build configuration list for PBXProject "test" */;
			compatibilityVersion = "Xcode 3.2";
			developmentRegion = English;
			hasScannedForEncodings = 0;
			knownRegions = (
				en,
				Base,
			);
			mainGroup = A34F9C211EF904C1006C91FD;
			productRefGroup = A34F9C2B1EF904C1006C91FD /* Products */;
			projectDirPath = "";
			projectRoot = "";
			targets = (
				A34F9C291EF904C1006C91FD /* test */,
			);
		};
/* End PBXProject section */

/* Begin PBXResourcesBuildPhase section */
		A34F9C281EF904C1006C91FD /* Resources */ = {
			isa = PBXResourcesBuildPhase;
			buildActionMask = 2147483647;
			files = (
				A34F9C3D1EF904C1006C91FD /* LaunchScreen.storyboard in Resources */,
				A34F9C3A1EF904C1006C91FD /* Assets.xcassets in Resources */,
				A34F9C381EF904C1006C91FD /* Main.storyboard in Resources */,
			);
			runOnlyForDeploymentPostprocessing = 0;
		};
/* End PBXResourcesBuildPhase section */

/* Begin PBXSourcesBuildPhase section */
		A34F9C261EF904C1006C91FD /* Sources */ = {
			isa = PBXSourcesBuildPhase;
			buildActionMask = 2147483647;
			files = (
				A34F9C351EF904C1006C91FD /* ViewController.m in Sources */,
				A34F9C321EF904C1006C91FD /* AppDelegate.m in Sources */,
				A34F9C2F1EF904C1006C91FD /* main.m in Sources */,
			);
			runOnlyForDeploymentPostprocessing = 0;
		};
/* End PBXSourcesBuildPhase section */

/* Begin PBXVariantGroup section */
		A34F9C361EF904C1006C91FD /* Main.storyboard */ = {
			isa = PBXVariantGroup;
			children = (
				A34F9C371EF904C1006C91FD /* Base */,
			);
			name = Main.storyboard;
			sourceTree = "<group>";
		};
		A34F9C3B1EF904C1006C91FD /* LaunchScreen.storyboard */ = {
			isa = PBXVariantGroup;
			children = (
				A34F9C3C1EF904C1006C91FD /* Base */,
			);
			name = LaunchScreen.storyboard;
			sourceTree = "<group>";
		};
/* End PBXVariantGroup section */

/* Begin XCBuildConfiguration section */
		A34F9C3F1EF904C1006C91FD /* Debug */ = {
			isa = XCBuildConfiguration;
			buildSettings = {
				ALWAYS_SEARCH_USER_PATHS = NO;
				CLANG_ANALYZER_NONNULL = YES;
				CLANG_ANALYZER_NUMBER_OBJECT_CONVERSION = YES_AGGRESSIVE;
				CLANG_CXX_LANGUAGE_STANDARD = "gnu++0x";
				CLANG_CXX_LIBRARY = "libc++";
				CLANG_ENABLE_MODULES = YES;
				CLANG_ENABLE_OBJC_ARC = YES;
				CLANG_WARN_BOOL_CONVERSION = YES;
				CLANG_WARN_CONSTANT_CONVERSION = YES;
				CLANG_WARN_DIRECT_OBJC_ISA_USAGE = YES_ERROR;
				CLANG_WARN_DOCUMENTATION_COMMENTS = YES;
				CLANG_WARN_EMPTY_BODY = YES;
				CLANG_WARN_ENUM_CONVERSION = YES;
				CLANG_WARN_INFINITE_RECURSION = YES;
				CLANG_WARN_INT_CONVERSION = YES;
				CLANG_WARN_OBJC_ROOT_CLASS = YES_ERROR;
				CLANG_WARN_SUSPICIOUS_MOVE = YES;
				CLANG_WARN_UNREACHABLE_CODE = YES;
				CLANG_WARN__DUPLICATE_METHOD_MATCH = YES;
				"CODE_SIGN_IDENTITY[sdk=iphoneos*]" = "iPhone Developer";
				COPY_PHASE_STRIP = NO;
				DEBUG_INFORMATION_FORMAT = dwarf;
				ENABLE_STRICT_OBJC_MSGSEND = YES;
				ENABLE_TESTABILITY = YES;
				GCC_C_LANGUAGE_STANDARD = gnu99;
				GCC_DYNAMIC_NO_PIC = NO;
				GCC_NO_COMMON_BLOCKS = YES;
				GCC_OPTIMIZATION_LEVEL = 0;
				GCC_PREPROCESSOR_DEFINITIONS = (
					"DEBUG=1",
					"$(inherited)",
				);
				GCC_WARN_64_TO_32_BIT_CONVERSION = YES;
				GCC_WARN_ABOUT_RETURN_TYPE = YES_ERROR;
				GCC_WARN_UNDECLARED_SELECTOR = YES;
				GCC_WARN_UNINITIALIZED_AUTOS = YES_AGGRESSIVE;
				GCC_WARN_UNUSED_FUNCTION = YES;
				GCC_WARN_UNUSED_VARIABLE = YES;
				IPHONEOS_DEPLOYMENT_TARGET = 10.3;
				MTL_ENABLE_DEBUG_INFO = YES;
				ONLY_ACTIVE_ARCH = YES;
				SDKROOT = iphoneos;
				TARGETED_DEVICE_FAMILY = "1,2";
			};
			name = Debug;
		};
		A34F9C401EF904C1006C91FD /* Release */ = {
			isa = XCBuildConfiguration;
			buildSettings = {
				ALWAYS_SEARCH_USER_PATHS = NO;
				CLANG_ANALYZER_NONNULL = YES;
				CLANG_ANALYZER_NUMBER_OBJECT_CONVERSION = YES_AGGRESSIVE;
				CLANG_CXX_LANGUAGE_STANDARD = "gnu++0x";
				CLANG_CXX_LIBRARY = "libc++";
				CLANG_ENABLE_MODULES = YES;
				CLANG_ENABLE_OBJC_ARC = YES;
				CLANG_WARN_BOOL_CONVERSION = YES;
				CLANG_WARN_CONSTANT_CONVERSION = YES;
				CLANG_WARN_DIRECT_OBJC_ISA_USAGE = YES_ERROR;
				CLANG_WARN_DOCUMENTATION_COMMENTS = YES;
				CLANG_WARN_EMPTY_BODY = YES;
				CLANG_WARN_ENUM_CONVERSION = YES;
				CLANG_WARN_INFINITE_RECURSION = YES;
				CLANG_WARN_INT_CONVERSION = YES;
				CLANG_WARN_OBJC_ROOT_CLASS = YES_ERROR;
				CLANG_WARN_SUSPICIOUS_MOVE = YES;
				CLANG_WARN_UNREACHABLE_CODE = YES;
				CLANG_WARN__DUPLICATE_METHOD_MATCH = YES;
				"CODE_SIGN_IDENTITY[sdk=iphoneos*]" = "iPhone Developer";
				COPY_PHASE_STRIP = NO;
				DEBUG_INFORMATION_FORMAT = "dwarf-with-dsym";
				ENABLE_NS_ASSERTIONS = NO;
				ENABLE_STRICT_OBJC_MSGSEND = YES;
				GCC_C_LANGUAGE_STANDARD = gnu99;
				GCC_NO_COMMON_BLOCKS = YES;
				GCC_WARN_64_TO_32_BIT_CONVERSION = YES;
				GCC_WARN_ABOUT_RETURN_TYPE = YES_ERROR;
				GCC_WARN_UNDECLARED_SELECTOR = YES;
				GCC_WARN_UNINITIALIZED_AUTOS = YES_AGGRESSIVE;
				GCC_WARN_UNUSED_FUNCTION = YES;
				GCC_WARN_UNUSED_VARIABLE = YES;
				IPHONEOS_DEPLOYMENT_TARGET = 10.3;
				MTL_ENABLE_DEBUG_INFO = NO;
				SDKROOT = iphoneos;
				TARGETED_DEVICE_FAMILY = "1,2";
				VALIDATE_PRODUCT = YES;
			};
			name = Release;
		};
		A34F9C421EF904C1006C91FD /* Debug */ = {
			isa = XCBuildConfiguration;
			buildSettings = {
				ASSETCATALOG_COMPILER_APPICON_NAME = AppIcon;
				INFOPLIST_FILE = test/Info.plist;
				LD_RUNPATH_SEARCH_PATHS = "$(inherited) @executable_path/Frameworks";
				PRODUCT_BUNDLE_IDENTIFIER = com.vansocnguyen99gmail.test;
				PRODUCT_NAME = "$(TARGET_NAME)";
			};
			name = Debug;
		};
		A34F9C431EF904C1006C91FD /* Release */ = {
			isa = XCBuildConfiguration;
			buildSettings = {
				ASSETCATALOG_COMPILER_APPICON_NAME = AppIcon;
				INFOPLIST_FILE = test/Info.plist;
				LD_RUNPATH_SEARCH_PATHS = "$(inherited) @executable_path/Frameworks";
				PRODUCT_BUNDLE_IDENTIFIER = com.vansocnguyen99gmail.test;
				PRODUCT_NAME = "$(TARGET_NAME)";
			};
			name = Release;
		};
/* End XCBuildConfiguration section */

/* Begin XCConfigurationList section */
		A34F9C251EF904C1006C91FD /* Build configuration list for PBXProject "test" */ = {
			isa = XCConfigurationList;
			buildConfigurations = (
				A34F9C3F1EF904C1006C91FD /* Debug */,
				A34F9C401EF904C1006C91FD /* Release */,
			);
			defaultConfigurationIsVisible = 0;
			defaultConfigurationName = Release;
		};
		A34F9C411EF904C1006C91FD /* Build configuration list for PBXNativeTarget "test" */ = {
			isa = XCConfigurationList;
			buildConfigurations = (
				A34F9C421EF904C1006C91FD /* Debug */,
				A34F9C431EF904C1006C91FD /* Release */,
			);
			defaultConfigurationIsVisible = 0;
		};
/* End XCConfigurationList section */
	};
	rootObject = A34F9C221EF904C1006C91FD /* Project object */;
}
